
Microsoft Visual Studio Solution File, Format Version 12.00
# Visual Studio Version 17
VisualStudioVersion = 17.14.36623.8
MinimumVisualStudioVersion = 10.0.40219.1
Project("{FAE04EC0-301F-11D3-BF4B-00C04F79EFBC}") = "Mindworking Curriculum Vitae", "Mindworking Curriculum Vitae\Mindworking Curriculum Vitae.csproj", "{343D39A8-DE15-26AF-9343-90C06033420D}"
EndProject
Global
	GlobalSection(SolutionConfigurationPlatforms) = preSolution
		Debug|Any CPU = Debug|Any CPU
		Release|Any CPU = Release|Any CPU
	EndGlobalSection
	GlobalSection(ProjectConfigurationPlatforms) = postSolution
		{343D39A8-DE15-26AF-9343-90C06033420D}.Debug|Any CPU.ActiveCfg = Debug|Any CPU
		{343D39A8-DE15-26AF-9343-90C06033420D}.Debug|Any CPU.Build.0 = Debug|Any CPU
		{343D39A8-DE15-26AF-9343-90C06033420D}.Release|Any CPU.ActiveCfg = Release|Any CPU
		{343D39A8-DE15-26AF-9343-90C06033420D}.Release|Any CPU.Build.0 = Release|Any CPU
	EndGlobalSection
	GlobalSection(SolutionProperties) = preSolution
		HideSolutionNode = FALSE
	EndGlobalSection
	GlobalSection(ExtensibilityGlobals) = postSolution
		SolutionGuid = {1BAF9824-A4CF-40EE-9223-9B0DBCD00B84}
	EndGlobalSection
EndGlobal
